// !$*UTF8*$!
{
	archiveVersion = 1;
	classes = {
	};
	objectVersion = 51;
	objects = {

/* Begin PBXBuildFile section */
		1DECB3B63C5A3D0DA45D7B86 /* Pods_Parstagram.framework in Frameworks */ = {isa = PBXBuildFile; fileRef = 7DC6BA2DC15C5821BD0F9F03 /* Pods_Parstagram.framework */; };
		34A64939D71F38C80ADA6278 /* Pods_ParstagramUITests.framework in Frameworks */ = {isa = PBXBuildFile; fileRef = 093DDFAF58868CF09E9DEC96 /* Pods_ParstagramUITests.framework */; };
		5578C2F6E64D68D0F032631C /* Pods_ParstagramTests.framework in Frameworks */ = {isa = PBXBuildFile; fileRef = 07DFFA0141A3D4FF32C3D24E /* Pods_ParstagramTests.framework */; };
		EB5186302408AADF009A114C /* AppDelegate.swift in Sources */ = {isa = PBXBuildFile; fileRef = EB51862F2408AADF009A114C /* AppDelegate.swift */; };
		EB5186352408AADF009A114C /* Main.storyboard in Resources */ = {isa = PBXBuildFile; fileRef = EB5186332408AADF009A114C /* Main.storyboard */; };
		EB5186372408AAE3009A114C /* Assets.xcassets in Resources */ = {isa = PBXBuildFile; fileRef = EB5186362408AAE3009A114C /* Assets.xcassets */; };
		EB51863A2408AAE3009A114C /* LaunchScreen.storyboard in Resources */ = {isa = PBXBuildFile; fileRef = EB5186382408AAE3009A114C /* LaunchScreen.storyboard */; };
		EB5186452408AAE3009A114C /* ParstagramTests.swift in Sources */ = {isa = PBXBuildFile; fileRef = EB5186442408AAE3009A114C /* ParstagramTests.swift */; };
		EB5186502408AAE3009A114C /* ParstagramUITests.swift in Sources */ = {isa = PBXBuildFile; fileRef = EB51864F2408AAE3009A114C /* ParstagramUITests.swift */; };
		EB51865E2408B330009A114C /* LoginViewController.swift in Sources */ = {isa = PBXBuildFile; fileRef = EB51865D2408B330009A114C /* LoginViewController.swift */; };
		EB5186602408B368009A114C /* FeedViewController.swift in Sources */ = {isa = PBXBuildFile; fileRef = EB51865F2408B368009A114C /* FeedViewController.swift */; };
		EB5186622408BFB1009A114C /* CamerViewController.swift in Sources */ = {isa = PBXBuildFile; fileRef = EB5186612408BFB1009A114C /* CamerViewController.swift */; };
		EB5186642408CEEB009A114C /* PostCell.swift in Sources */ = {isa = PBXBuildFile; fileRef = EB5186632408CEEB009A114C /* PostCell.swift */; };
		EBA8A6482411E616001901F9 /* CommentCell.swift in Sources */ = {isa = PBXBuildFile; fileRef = EBA8A6472411E616001901F9 /* CommentCell.swift */; };
/* End PBXBuildFile section */

/* Begin PBXContainerItemProxy section */
		EB5186412408AAE3009A114C /* PBXContainerItemProxy */ = {
			isa = PBXContainerItemProxy;
			containerPortal = EB5186242408AADF009A114C /* Project object */;
			proxyType = 1;
			remoteGlobalIDString = EB51862B2408AADF009A114C;
			remoteInfo = Parstagram;
		};
		EB51864C2408AAE3009A114C /* PBXContainerItemProxy */ = {
			isa = PBXContainerItemProxy;
			containerPortal = EB5186242408AADF009A114C /* Project object */;
			proxyType = 1;
			remoteGlobalIDString = EB51862B2408AADF009A114C;
			remoteInfo = Parstagram;
		};
/* End PBXContainerItemProxy section */

/* Begin PBXFileReference section */
		07DFFA0141A3D4FF32C3D24E /* Pods_ParstagramTests.framework */ = {isa = PBXFileReference; explicitFileType = wrapper.framework; includeInIndex = 0; path = Pods_ParstagramTests.framework; sourceTree = BUILT_PRODUCTS_DIR; };
		093DDFAF58868CF09E9DEC96 /* Pods_ParstagramUITests.framework */ = {isa = PBXFileReference; explicitFileType = wrapper.framework; includeInIndex = 0; path = Pods_ParstagramUITests.framework; sourceTree = BUILT_PRODUCTS_DIR; };
		127C2E9CDD7582E2FD599158 /* Pods-Parstagram.release.xcconfig */ = {isa = PBXFileReference; includeInIndex = 1; lastKnownFileType = text.xcconfig; name = "Pods-Parstagram.release.xcconfig"; path = "Target Support Files/Pods-Parstagram/Pods-Parstagram.release.xcconfig"; sourceTree = "<group>"; };
		1D5BB28CD7D695EC2E33BE00 /* Pods-ParstagramUITests.debug.xcconfig */ = {isa = PBXFileReference; includeInIndex = 1; lastKnownFileType = text.xcconfig; name = "Pods-ParstagramUITests.debug.xcconfig"; path = "Target Support Files/Pods-ParstagramUITests/Pods-ParstagramUITests.debug.xcconfig"; sourceTree = "<group>"; };
		3FE1AA540CB9B251CDE53136 /* Pods-ParstagramTests.release.xcconfig */ = {isa = PBXFileReference; includeInIndex = 1; lastKnownFileType = text.xcconfig; name = "Pods-ParstagramTests.release.xcconfig"; path = "Target Support Files/Pods-ParstagramTests/Pods-ParstagramTests.release.xcconfig"; sourceTree = "<group>"; };
		4491C5BB0AB505730DED2A83 /* Pods-ParstagramTests.debug.xcconfig */ = {isa = PBXFileReference; includeInIndex = 1; lastKnownFileType = text.xcconfig; name = "Pods-ParstagramTests.debug.xcconfig"; path = "Target Support Files/Pods-ParstagramTests/Pods-ParstagramTests.debug.xcconfig"; sourceTree = "<group>"; };
		499A185854F06726C0801619 /* Pods-ParstagramUITests.release.xcconfig */ = {isa = PBXFileReference; includeInIndex = 1; lastKnownFileType = text.xcconfig; name = "Pods-ParstagramUITests.release.xcconfig"; path = "Target Support Files/Pods-ParstagramUITests/Pods-ParstagramUITests.release.xcconfig"; sourceTree = "<group>"; };
		4E5C799965E0A62CE741F09B /* Pods-Parstagram-ParstagramUITests.release.xcconfig */ = {isa = PBXFileReference; includeInIndex = 1; lastKnownFileType = text.xcconfig; name = "Pods-Parstagram-ParstagramUITests.release.xcconfig"; path = "Target Support Files/Pods-Parstagram-ParstagramUITests/Pods-Parstagram-ParstagramUITests.release.xcconfig"; sourceTree = "<group>"; };
		5BDDDD10C74CD1C0EDD25D96 /* Pods-Parstagram.debug.xcconfig */ = {isa = PBXFileReference; includeInIndex = 1; lastKnownFileType = text.xcconfig; name = "Pods-Parstagram.debug.xcconfig"; path = "Target Support Files/Pods-Parstagram/Pods-Parstagram.debug.xcconfig"; sourceTree = "<group>"; };
		76129D24D6517E7D3D5F6C77 /* Pods-Parstagram-ParstagramUITests.debug.xcconfig */ = {isa = PBXFileReference; includeInIndex = 1; lastKnownFileType = text.xcconfig; name = "Pods-Parstagram-ParstagramUITests.debug.xcconfig"; path = "Target Support Files/Pods-Parstagram-ParstagramUITests/Pods-Parstagram-ParstagramUITests.debug.xcconfig"; sourceTree = "<group>"; };
		7DC6BA2DC15C5821BD0F9F03 /* Pods_Parstagram.framework */ = {isa = PBXFileReference; explicitFileType = wrapper.framework; includeInIndex = 0; path = Pods_Parstagram.framework; sourceTree = BUILT_PRODUCTS_DIR; };
		EB51862C2408AADF009A114C /* Parstagram.app */ = {isa = PBXFileReference; explicitFileType = wrapper.application; includeInIndex = 0; path = Parstagram.app; sourceTree = BUILT_PRODUCTS_DIR; };
		EB51862F2408AADF009A114C /* AppDelegate.swift */ = {isa = PBXFileReference; lastKnownFileType = sourcecode.swift; path = AppDelegate.swift; sourceTree = "<group>"; };
		EB5186342408AADF009A114C /* Base */ = {isa = PBXFileReference; lastKnownFileType = file.storyboard; name = Base; path = Base.lproj/Main.storyboard; sourceTree = "<group>"; };
		EB5186362408AAE3009A114C /* Assets.xcassets */ = {isa = PBXFileReference; lastKnownFileType = folder.assetcatalog; path = Assets.xcassets; sourceTree = "<group>"; };
		EB5186392408AAE3009A114C /* Base */ = {isa = PBXFileReference; lastKnownFileType = file.storyboard; name = Base; path = Base.lproj/LaunchScreen.storyboard; sourceTree = "<group>"; };
		EB51863B2408AAE3009A114C /* Info.plist */ = {isa = PBXFileReference; lastKnownFileType = text.plist.xml; path = Info.plist; sourceTree = "<group>"; };
		EB5186402408AAE3009A114C /* ParstagramTests.xctest */ = {isa = PBXFileReference; explicitFileType = wrapper.cfbundle; includeInIndex = 0; path = ParstagramTests.xctest; sourceTree = BUILT_PRODUCTS_DIR; };
		EB5186442408AAE3009A114C /* ParstagramTests.swift */ = {isa = PBXFileReference; lastKnownFileType = sourcecode.swift; path = ParstagramTests.swift; sourceTree = "<group>"; };
		EB5186462408AAE3009A114C /* Info.plist */ = {isa = PBXFileReference; lastKnownFileType = text.plist.xml; path = Info.plist; sourceTree = "<group>"; };
		EB51864B2408AAE3009A114C /* ParstagramUITests.xctest */ = {isa = PBXFileReference; explicitFileType = wrapper.cfbundle; includeInIndex = 0; path = ParstagramUITests.xctest; sourceTree = BUILT_PRODUCTS_DIR; };
		EB51864F2408AAE3009A114C /* ParstagramUITests.swift */ = {isa = PBXFileReference; lastKnownFileType = sourcecode.swift; path = ParstagramUITests.swift; sourceTree = "<group>"; };
		EB5186512408AAE3009A114C /* Info.plist */ = {isa = PBXFileReference; lastKnownFileType = text.plist.xml; path = Info.plist; sourceTree = "<group>"; };
		EB51865D2408B330009A114C /* LoginViewController.swift */ = {isa = PBXFileReference; lastKnownFileType = sourcecode.swift; path = LoginViewController.swift; sourceTree = "<group>"; };
		EB51865F2408B368009A114C /* FeedViewController.swift */ = {isa = PBXFileReference; lastKnownFileType = sourcecode.swift; path = FeedViewController.swift; sourceTree = "<group>"; };
		EB5186612408BFB1009A114C /* CamerViewController.swift */ = {isa = PBXFileReference; lastKnownFileType = sourcecode.swift; path = CamerViewController.swift; sourceTree = "<group>"; };
		EB5186632408CEEB009A114C /* PostCell.swift */ = {isa = PBXFileReference; lastKnownFileType = sourcecode.swift; path = PostCell.swift; sourceTree = "<group>"; };
		EBA8A6472411E616001901F9 /* CommentCell.swift */ = {isa = PBXFileReference; lastKnownFileType = sourcecode.swift; path = CommentCell.swift; sourceTree = "<group>"; };
/* End PBXFileReference section */

/* Begin PBXFrameworksBuildPhase section */
		EB5186292408AADF009A114C /* Frameworks */ = {
			isa = PBXFrameworksBuildPhase;
			buildActionMask = 2147483647;
			files = (
				1DECB3B63C5A3D0DA45D7B86 /* Pods_Parstagram.framework in Frameworks */,
			);
			runOnlyForDeploymentPostprocessing = 0;
		};
		EB51863D2408AAE3009A114C /* Frameworks */ = {
			isa = PBXFrameworksBuildPhase;
			buildActionMask = 2147483647;
			files = (
				5578C2F6E64D68D0F032631C /* Pods_ParstagramTests.framework in Frameworks */,
			);
			runOnlyForDeploymentPostprocessing = 0;
		};
		EB5186482408AAE3009A114C /* Frameworks */ = {
			isa = PBXFrameworksBuildPhase;
			buildActionMask = 2147483647;
			files = (
				34A64939D71F38C80ADA6278 /* Pods_ParstagramUITests.framework in Frameworks */,
			);
			runOnlyForDeploymentPostprocessing = 0;
		};
/* End PBXFrameworksBuildPhase section */

/* Begin PBXGroup section */
		12EBB7E9C92506ADB8AFCE6F /* Frameworks */ = {
			isa = PBXGroup;
			children = (
				7DC6BA2DC15C5821BD0F9F03 /* Pods_Parstagram.framework */,
				07DFFA0141A3D4FF32C3D24E /* Pods_ParstagramTests.framework */,
				093DDFAF58868CF09E9DEC96 /* Pods_ParstagramUITests.framework */,
			);
			name = Frameworks;
			sourceTree = "<group>";
		};
		1BEBEBE30BB77F0B55E30879 /* Pods */ = {
			isa = PBXGroup;
			children = (
				5BDDDD10C74CD1C0EDD25D96 /* Pods-Parstagram.debug.xcconfig */,
				127C2E9CDD7582E2FD599158 /* Pods-Parstagram.release.xcconfig */,
				76129D24D6517E7D3D5F6C77 /* Pods-Parstagram-ParstagramUITests.debug.xcconfig */,
				4E5C799965E0A62CE741F09B /* Pods-Parstagram-ParstagramUITests.release.xcconfig */,
				4491C5BB0AB505730DED2A83 /* Pods-ParstagramTests.debug.xcconfig */,
				3FE1AA540CB9B251CDE53136 /* Pods-ParstagramTests.release.xcconfig */,
				1D5BB28CD7D695EC2E33BE00 /* Pods-ParstagramUITests.debug.xcconfig */,
				499A185854F06726C0801619 /* Pods-ParstagramUITests.release.xcconfig */,
			);
			path = Pods;
			sourceTree = "<group>";
		};
		EB5186232408AADF009A114C = {
			isa = PBXGroup;
			children = (
				EB51862E2408AADF009A114C /* Parstagram */,
				EB5186432408AAE3009A114C /* ParstagramTests */,
				EB51864E2408AAE3009A114C /* ParstagramUITests */,
				EB51862D2408AADF009A114C /* Products */,
				1BEBEBE30BB77F0B55E30879 /* Pods */,
				12EBB7E9C92506ADB8AFCE6F /* Frameworks */,
			);
			sourceTree = "<group>";
		};
		EB51862D2408AADF009A114C /* Products */ = {
			isa = PBXGroup;
			children = (
				EB51862C2408AADF009A114C /* Parstagram.app */,
				EB5186402408AAE3009A114C /* ParstagramTests.xctest */,
				EB51864B2408AAE3009A114C /* ParstagramUITests.xctest */,
			);
			name = Products;
			sourceTree = "<group>";
		};
		EB51862E2408AADF009A114C /* Parstagram */ = {
			isa = PBXGroup;
			children = (
				EB51862F2408AADF009A114C /* AppDelegate.swift */,
				EB5186332408AADF009A114C /* Main.storyboard */,
				EB5186362408AAE3009A114C /* Assets.xcassets */,
				EB5186382408AAE3009A114C /* LaunchScreen.storyboard */,
				EB51863B2408AAE3009A114C /* Info.plist */,
				EB51865D2408B330009A114C /* LoginViewController.swift */,
				EB51865F2408B368009A114C /* FeedViewController.swift */,
				EB5186612408BFB1009A114C /* CamerViewController.swift */,
				EB5186632408CEEB009A114C /* PostCell.swift */,
				EBA8A6472411E616001901F9 /* CommentCell.swift */,
			);
			path = Parstagram;
			sourceTree = "<group>";
		};
		EB5186432408AAE3009A114C /* ParstagramTests */ = {
			isa = PBXGroup;
			children = (
				EB5186442408AAE3009A114C /* ParstagramTests.swift */,
				EB5186462408AAE3009A114C /* Info.plist */,
			);
			path = ParstagramTests;
			sourceTree = "<group>";
		};
		EB51864E2408AAE3009A114C /* ParstagramUITests */ = {
			isa = PBXGroup;
			children = (
				EB51864F2408AAE3009A114C /* ParstagramUITests.swift */,
				EB5186512408AAE3009A114C /* Info.plist */,
			);
			path = ParstagramUITests;
			sourceTree = "<group>";
		};
/* End PBXGroup section */

/* Begin PBXNativeTarget section */
		EB51862B2408AADF009A114C /* Parstagram */ = {
			isa = PBXNativeTarget;
			buildConfigurationList = EB5186542408AAE3009A114C /* Build configuration list for PBXNativeTarget "Parstagram" */;
			buildPhases = (
				FBB5E10773E84F575ECEB306 /* [CP] Check Pods Manifest.lock */,
				EB5186282408AADF009A114C /* Sources */,
				EB5186292408AADF009A114C /* Frameworks */,
				EB51862A2408AADF009A114C /* Resources */,
				35218208610323290F04C7FF /* [CP] Embed Pods Frameworks */,
			);
			buildRules = (
			);
			dependencies = (
			);
			name = Parstagram;
			productName = Parstagram;
			productReference = EB51862C2408AADF009A114C /* Parstagram.app */;
			productType = "com.apple.product-type.application";
		};
		EB51863F2408AAE3009A114C /* ParstagramTests */ = {
			isa = PBXNativeTarget;
			buildConfigurationList = EB5186572408AAE3009A114C /* Build configuration list for PBXNativeTarget "ParstagramTests" */;
			buildPhases = (
				1D386358212DA0600391F99C /* [CP] Check Pods Manifest.lock */,
				EB51863C2408AAE3009A114C /* Sources */,
				EB51863D2408AAE3009A114C /* Frameworks */,
				EB51863E2408AAE3009A114C /* Resources */,
			);
			buildRules = (
			);
			dependencies = (
				EB5186422408AAE3009A114C /* PBXTargetDependency */,
			);
			name = ParstagramTests;
			productName = ParstagramTests;
			productReference = EB5186402408AAE3009A114C /* ParstagramTests.xctest */;
			productType = "com.apple.product-type.bundle.unit-test";
		};
		EB51864A2408AAE3009A114C /* ParstagramUITests */ = {
			isa = PBXNativeTarget;
			buildConfigurationList = EB51865A2408AAE3009A114C /* Build configuration list for PBXNativeTarget "ParstagramUITests" */;
			buildPhases = (
				9C2AFECB143012FCB2AE63BE /* [CP] Check Pods Manifest.lock */,
				EB5186472408AAE3009A114C /* Sources */,
				EB5186482408AAE3009A114C /* Frameworks */,
				EB5186492408AAE3009A114C /* Resources */,
			);
			buildRules = (
			);
			dependencies = (
				EB51864D2408AAE3009A114C /* PBXTargetDependency */,
			);
			name = ParstagramUITests;
			productName = ParstagramUITests;
			productReference = EB51864B2408AAE3009A114C /* ParstagramUITests.xctest */;
			productType = "com.apple.product-type.bundle.ui-testing";
		};
/* End PBXNativeTarget section */

/* Begin PBXProject section */
		EB5186242408AADF009A114C /* Project object */ = {
			isa = PBXProject;
			attributes = {
				LastSwiftUpdateCheck = 1010;
				LastUpgradeCheck = 1010;
				ORGANIZATIONNAME = "QIANG LI";
				TargetAttributes = {
					EB51862B2408AADF009A114C = {
						CreatedOnToolsVersion = 10.1;
					};
					EB51863F2408AAE3009A114C = {
						CreatedOnToolsVersion = 10.1;
						TestTargetID = EB51862B2408AADF009A114C;
					};
					EB51864A2408AAE3009A114C = {
						CreatedOnToolsVersion = 10.1;
						TestTargetID = EB51862B2408AADF009A114C;
					};
				};
			};
			buildConfigurationList = EB5186272408AADF009A114C /* Build configuration list for PBXProject "Parstagram" */;
			compatibilityVersion = "Xcode 9.3";
			developmentRegion = en;
			hasScannedForEncodings = 0;
			knownRegions = (
				en,
				Base,
			);
			mainGroup = EB5186232408AADF009A114C;
			productRefGroup = EB51862D2408AADF009A114C /* Products */;
			projectDirPath = "";
			projectRoot = "";
			targets = (
				EB51862B2408AADF009A114C /* Parstagram */,
				EB51863F2408AAE3009A114C /* ParstagramTests */,
				EB51864A2408AAE3009A114C /* ParstagramUITests */,
			);
		};
/* End PBXProject section */

/* Begin PBXResourcesBuildPhase section */
		EB51862A2408AADF009A114C /* Resources */ = {
			isa = PBXResourcesBuildPhase;
			buildActionMask = 2147483647;
			files = (
				EB51863A2408AAE3009A114C /* LaunchScreen.storyboard in Resources */,
				EB5186372408AAE3009A114C /* Assets.xcassets in Resources */,
				EB5186352408AADF009A114C /* Main.storyboard in Resources */,
			);
			runOnlyForDeploymentPostprocessing = 0;
		};
		EB51863E2408AAE3009A114C /* Resources */ = {
			isa = PBXResourcesBuildPhase;
			buildActionMask = 2147483647;
			files = (
			);
			runOnlyForDeploymentPostprocessing = 0;
		};
		EB5186492408AAE3009A114C /* Resources */ = {
			isa = PBXResourcesBuildPhase;
			buildActionMask = 2147483647;
			files = (
			);
			runOnlyForDeploymentPostprocessing = 0;
		};
/* End PBXResourcesBuildPhase section */

/* Begin PBXShellScriptBuildPhase section */
		1D386358212DA0600391F99C /* [CP] Check Pods Manifest.lock */ = {
			isa = PBXShellScriptBuildPhase;
			buildActionMask = 2147483647;
			files = (
			);
			inputFileListPaths = (
			);
			inputPaths = (
				"${PODS_PODFILE_DIR_PATH}/Podfile.lock",
				"${PODS_ROOT}/Manifest.lock",
			);
			name = "[CP] Check Pods Manifest.lock";
			outputFileListPaths = (
			);
			outputPaths = (
				"$(DERIVED_FILE_DIR)/Pods-ParstagramTests-checkManifestLockResult.txt",
			);
			runOnlyForDeploymentPostprocessing = 0;
			shellPath = /bin/sh;
			shellScript = "diff \"${PODS_PODFILE_DIR_PATH}/Podfile.lock\" \"${PODS_ROOT}/Manifest.lock\" > /dev/null\nif [ $? != 0 ] ; then\n    # print error to STDERR\n    echo \"error: The sandbox is not in sync with the Podfile.lock. Run 'pod install' or update your CocoaPods installation.\" >&2\n    exit 1\nfi\n# This output is used by Xcode 'outputs' to avoid re-running this script phase.\necho \"SUCCESS\" > \"${SCRIPT_OUTPUT_FILE_0}\"\n";
			showEnvVarsInLog = 0;
		};
		35218208610323290F04C7FF /* [CP] Embed Pods Frameworks */ = {
			isa = PBXShellScriptBuildPhase;
			buildActionMask = 2147483647;
			files = (
			);
			inputFileListPaths = (
				"${PODS_ROOT}/Target Support Files/Pods-Parstagram/Pods-Parstagram-frameworks-${CONFIGURATION}-input-files.xcfilelist",
			);
			name = "[CP] Embed Pods Frameworks";
			outputFileListPaths = (
				"${PODS_ROOT}/Target Support Files/Pods-Parstagram/Pods-Parstagram-frameworks-${CONFIGURATION}-output-files.xcfilelist",
			);
			runOnlyForDeploymentPostprocessing = 0;
			shellPath = /bin/sh;
			shellScript = "\"${PODS_ROOT}/Target Support Files/Pods-Parstagram/Pods-Parstagram-frameworks.sh\"\n";
			showEnvVarsInLog = 0;
		};
		9C2AFECB143012FCB2AE63BE /* [CP] Check Pods Manifest.lock */ = {
			isa = PBXShellScriptBuildPhase;
			buildActionMask = 2147483647;
			files = (
			);
			inputFileListPaths = (
			);
			inputPaths = (
				"${PODS_PODFILE_DIR_PATH}/Podfile.lock",
				"${PODS_ROOT}/Manifest.lock",
			);
			name = "[CP] Check Pods Manifest.lock";
			outputFileListPaths = (
			);
			outputPaths = (
				"$(DERIVED_FILE_DIR)/Pods-ParstagramUITests-checkManifestLockResult.txt",
			);
			runOnlyForDeploymentPostprocessing = 0;
			shellPath = /bin/sh;
			shellScript = "diff \"${PODS_PODFILE_DIR_PATH}/Podfile.lock\" \"${PODS_ROOT}/Manifest.lock\" > /dev/null\nif [ $? != 0 ] ; then\n    # print error to STDERR\n    echo \"error: The sandbox is not in sync with the Podfile.lock. Run 'pod install' or update your CocoaPods installation.\" >&2\n    exit 1\nfi\n# This output is used by Xcode 'outputs' to avoid re-running this script phase.\necho \"SUCCESS\" > \"${SCRIPT_OUTPUT_FILE_0}\"\n";
			showEnvVarsInLog = 0;
		};
		FBB5E10773E84F575ECEB306 /* [CP] Check Pods Manifest.lock */ = {
			isa = PBXShellScriptBuildPhase;
			buildActionMask = 2147483647;
			files = (
			);
			inputFileListPaths = (
			);
			inputPaths = (
				"${PODS_PODFILE_DIR_PATH}/Podfile.lock",
				"${PODS_ROOT}/Manifest.lock",
			);
			name = "[CP] Check Pods Manifest.lock";
			outputFileListPaths = (
			);
			outputPaths = (
				"$(DERIVED_FILE_DIR)/Pods-Parstagram-checkManifestLockResult.txt",
			);
			runOnlyForDeploymentPostprocessing = 0;
			shellPath = /bin/sh;
			shellScript = "diff \"${PODS_PODFILE_DIR_PATH}/Podfile.lock\" \"${PODS_ROOT}/Manifest.lock\" > /dev/null\nif [ $? != 0 ] ; then\n    # print error to STDERR\n    echo \"error: The sandbox is not in sync with the Podfile.lock. Run 'pod install' or update your CocoaPods installation.\" >&2\n    exit 1\nfi\n# This output is used by Xcode 'outputs' to avoid re-running this script phase.\necho \"SUCCESS\" > \"${SCRIPT_OUTPUT_FILE_0}\"\n";
			showEnvVarsInLog = 0;
		};
/* End PBXShellScriptBuildPhase section */

/* Begin PBXSourcesBuildPhase section */
		EB5186282408AADF009A114C /* Sources */ = {
			isa = PBXSourcesBuildPhase;
			buildActionMask = 2147483647;
			files = (
				EB51865E2408B330009A114C /* LoginViewController.swift in Sources */,
				EB5186602408B368009A114C /* FeedViewController.swift in Sources */,
				EB5186302408AADF009A114C /* AppDelegate.swift in Sources */,
				EB5186622408BFB1009A114C /* CamerViewController.swift in Sources */,
				EB5186642408CEEB009A114C /* PostCell.swift in Sources */,
				EBA8A6482411E616001901F9 /* CommentCell.swift in Sources */,
			);
			runOnlyForDeploymentPostprocessing = 0;
		};
		EB51863C2408AAE3009A114C /* Sources */ = {
			isa = PBXSourcesBuildPhase;
			buildActionMask = 2147483647;
			files = (
				EB5186452408AAE3009A114C /* ParstagramTests.swift in Sources */,
			);
			runOnlyForDeploymentPostprocessing = 0;
		};
		EB5186472408AAE3009A114C /* Sources */ = {
			isa = PBXSourcesBuildPhase;
			buildActionMask = 2147483647;
			files = (
				EB5186502408AAE3009A114C /* ParstagramUITests.swift in Sources */,
			);
			runOnlyForDeploymentPostprocessing = 0;
		};
/* End PBXSourcesBuildPhase section */

/* Begin PBXTargetDependency section */
		EB5186422408AAE3009A114C /* PBXTargetDependency */ = {
			isa = PBXTargetDependency;
			target = EB51862B2408AADF009A114C /* Parstagram */;
			targetProxy = EB5186412408AAE3009A114C /* PBXContainerItemProxy */;
		};
		EB51864D2408AAE3009A114C /* PBXTargetDependency */ = {
			isa = PBXTargetDependency;
			target = EB51862B2408AADF009A114C /* Parstagram */;
			targetProxy = EB51864C2408AAE3009A114C /* PBXContainerItemProxy */;
		};
/* End PBXTargetDependency section */

/* Begin PBXVariantGroup section */
		EB5186332408AADF009A114C /* Main.storyboard */ = {
			isa = PBXVariantGroup;
			children = (
				EB5186342408AADF009A114C /* Base */,
			);
			name = Main.storyboard;
			sourceTree = "<group>";
		};
		EB5186382408AAE3009A114C /* LaunchScreen.storyboard */ = {
			isa = PBXVariantGroup;
			children = (
				EB5186392408AAE3009A114C /* Base */,
			);
			name = LaunchScreen.storyboard;
			sourceTree = "<group>";
		};
/* End PBXVariantGroup section */

/* Begin XCBuildConfiguration section */
		EB5186522408AAE3009A114C /* Debug */ = {
			isa = XCBuildConfiguration;
			buildSettings = {
				ALWAYS_SEARCH_USER_PATHS = NO;
				CLANG_ANALYZER_NONNULL = YES;
				CLANG_ANALYZER_NUMBER_OBJECT_CONVERSION = YES_AGGRESSIVE;
				CLANG_CXX_LANGUAGE_STANDARD = "gnu++14";
				CLANG_CXX_LIBRARY = "libc++";
				CLANG_ENABLE_MODULES = YES;
				CLANG_ENABLE_OBJC_ARC = YES;
				CLANG_ENABLE_OBJC_WEAK = YES;
				CLANG_WARN_BLOCK_CAPTURE_AUTORELEASING = YES;
				CLANG_WARN_BOOL_CONVERSION = YES;
				CLANG_WARN_COMMA = YES;
				CLANG_WARN_CONSTANT_CONVERSION = YES;
				CLANG_WARN_DEPRECATED_OBJC_IMPLEMENTATIONS = YES;
				CLANG_WARN_DIRECT_OBJC_ISA_USAGE = YES_ERROR;
				CLANG_WARN_DOCUMENTATION_COMMENTS = YES;
				CLANG_WARN_EMPTY_BODY = YES;
				CLANG_WARN_ENUM_CONVERSION = YES;
				CLANG_WARN_INFINITE_RECURSION = YES;
				CLANG_WARN_INT_CONVERSION = YES;
				CLANG_WARN_NON_LITERAL_NULL_CONVERSION = YES;
				CLANG_WARN_OBJC_IMPLICIT_RETAIN_SELF = YES;
				CLANG_WARN_OBJC_LITERAL_CONVERSION = YES;
				CLANG_WARN_OBJC_ROOT_CLASS = YES_ERROR;
				CLANG_WARN_RANGE_LOOP_ANALYSIS = YES;
				CLANG_WARN_STRICT_PROTOTYPES = YES;
				CLANG_WARN_SUSPICIOUS_MOVE = YES;
				CLANG_WARN_UNGUARDED_AVAILABILITY = YES_AGGRESSIVE;
				CLANG_WARN_UNREACHABLE_CODE = YES;
				CLANG_WARN__DUPLICATE_METHOD_MATCH = YES;
				CODE_SIGN_IDENTITY = "iPhone Developer";
				COPY_PHASE_STRIP = NO;
				DEBUG_INFORMATION_FORMAT = dwarf;
				ENABLE_STRICT_OBJC_MSGSEND = YES;
				ENABLE_TESTABILITY = YES;
				GCC_C_LANGUAGE_STANDARD = gnu11;
				GCC_DYNAMIC_NO_PIC = NO;
				GCC_NO_COMMON_BLOCKS = YES;
				GCC_OPTIMIZATION_LEVEL = 0;
				GCC_PREPROCESSOR_DEFINITIONS = (
					"DEBUG=1",
					"$(inherited)",
				);
				GCC_WARN_64_TO_32_BIT_CONVERSION = YES;
				GCC_WARN_ABOUT_RETURN_TYPE = YES_ERROR;
				GCC_WARN_UNDECLARED_SELECTOR = YES;
				GCC_WARN_UNINITIALIZED_AUTOS = YES_AGGRESSIVE;
				GCC_WARN_UNUSED_FUNCTION = YES;
				GCC_WARN_UNUSED_VARIABLE = YES;
				IPHONEOS_DEPLOYMENT_TARGET = 12.1;
				MTL_ENABLE_DEBUG_INFO = INCLUDE_SOURCE;
				MTL_FAST_MATH = YES;
				ONLY_ACTIVE_ARCH = YES;
				SDKROOT = iphoneos;
				SWIFT_ACTIVE_COMPILATION_CONDITIONS = DEBUG;
				SWIFT_OPTIMIZATION_LEVEL = "-Onone";
			};
			name = Debug;
		};
		EB5186532408AAE3009A114C /* Release */ = {
			isa = XCBuildConfiguration;
			buildSettings = {
				ALWAYS_SEARCH_USER_PATHS = NO;
				CLANG_ANALYZER_NONNULL = YES;
				CLANG_ANALYZER_NUMBER_OBJECT_CONVERSION = YES_AGGRESSIVE;
				CLANG_CXX_LANGUAGE_STANDARD = "gnu++14";
				CLANG_CXX_LIBRARY = "libc++";
				CLANG_ENABLE_MODULES = YES;
				CLANG_ENABLE_OBJC_ARC = YES;
				CLANG_ENABLE_OBJC_WEAK = YES;
				CLANG_WARN_BLOCK_CAPTURE_AUTORELEASING = YES;
				CLANG_WARN_BOOL_CONVERSION = YES;
				CLANG_WARN_COMMA = YES;
				CLANG_WARN_CONSTANT_CONVERSION = YES;
				CLANG_WARN_DEPRECATED_OBJC_IMPLEMENTATIONS = YES;
				CLANG_WARN_DIRECT_OBJC_ISA_USAGE = YES_ERROR;
				CLANG_WARN_DOCUMENTATION_COMMENTS = YES;
				CLANG_WARN_EMPTY_BODY = YES;
				CLANG_WARN_ENUM_CONVERSION = YES;
				CLANG_WARN_INFINITE_RECURSION = YES;
				CLANG_WARN_INT_CONVERSION = YES;
				CLANG_WARN_NON_LITERAL_NULL_CONVERSION = YES;
				CLANG_WARN_OBJC_IMPLICIT_RETAIN_SELF = YES;
				CLANG_WARN_OBJC_LITERAL_CONVERSION = YES;
				CLANG_WARN_OBJC_ROOT_CLASS = YES_ERROR;
				CLANG_WARN_RANGE_LOOP_ANALYSIS = YES;
				CLANG_WARN_STRICT_PROTOTYPES = YES;
				CLANG_WARN_SUSPICIOUS_MOVE = YES;
				CLANG_WARN_UNGUARDED_AVAILABILITY = YES_AGGRESSIVE;
				CLANG_WARN_UNREACHABLE_CODE = YES;
				CLANG_WARN__DUPLICATE_METHOD_MATCH = YES;
				CODE_SIGN_IDENTITY = "iPhone Developer";
				COPY_PHASE_STRIP = NO;
				DEBUG_INFORMATION_FORMAT = "dwarf-with-dsym";
				ENABLE_NS_ASSERTIONS = NO;
				ENABLE_STRICT_OBJC_MSGSEND = YES;
				GCC_C_LANGUAGE_STANDARD = gnu11;
				GCC_NO_COMMON_BLOCKS = YES;
				GCC_WARN_64_TO_32_BIT_CONVERSION = YES;
				GCC_WARN_ABOUT_RETURN_TYPE = YES_ERROR;
				GCC_WARN_UNDECLARED_SELECTOR = YES;
				GCC_WARN_UNINITIALIZED_AUTOS = YES_AGGRESSIVE;
				GCC_WARN_UNUSED_FUNCTION = YES;
				GCC_WARN_UNUSED_VARIABLE = YES;
				IPHONEOS_DEPLOYMENT_TARGET = 12.1;
				MTL_ENABLE_DEBUG_INFO = NO;
				MTL_FAST_MATH = YES;
				SDKROOT = iphoneos;
				SWIFT_COMPILATION_MODE = wholemodule;
				SWIFT_OPTIMIZATION_LEVEL = "-O";
				VALIDATE_PRODUCT = YES;
			};
			name = Release;
		};
		EB5186552408AAE3009A114C /* Debug */ = {
			isa = XCBuildConfiguration;
			baseConfigurationReference = 5BDDDD10C74CD1C0EDD25D96 /* Pods-Parstagram.debug.xcconfig */;
			buildSettings = {
				ASSETCATALOG_COMPILER_APPICON_NAME = AppIcon;
				CODE_SIGN_STYLE = Automatic;
				INFOPLIST_FILE = Parstagram/Info.plist;
				LD_RUNPATH_SEARCH_PATHS = (
					"$(inherited)",
					"@executable_path/Frameworks",
				);
				PRODUCT_BUNDLE_IDENTIFIER = CSN.Parstagram;
				PRODUCT_NAME = "$(TARGET_NAME)";
				SWIFT_VERSION = 4.2;
				TARGETED_DEVICE_FAMILY = "1,2";
			};
			name = Debug;
		};
		EB5186562408AAE3009A114C /* Release */ = {
			isa = XCBuildConfiguration;
			baseConfigurationReference = 127C2E9CDD7582E2FD599158 /* Pods-Parstagram.release.xcconfig */;
			buildSettings = {
				ASSETCATALOG_COMPILER_APPICON_NAME = AppIcon;
				CODE_SIGN_STYLE = Automatic;
				INFOPLIST_FILE = Parstagram/Info.plist;
				LD_RUNPATH_SEARCH_PATHS = (
					"$(inherited)",
					"@executable_path/Frameworks",
				);
				PRODUCT_BUNDLE_IDENTIFIER = CSN.Parstagram;
				PRODUCT_NAME = "$(TARGET_NAME)";
				SWIFT_VERSION = 4.2;
				TARGETED_DEVICE_FAMILY = "1,2";
			};
			name = Release;
		};
		EB5186582408AAE3009A114C /* Debug */ = {
			isa = XCBuildConfiguration;
			baseConfigurationReference = 4491C5BB0AB505730DED2A83 /* Pods-ParstagramTests.debug.xcconfig */;
			buildSettings = {
				ALWAYS_EMBED_SWIFT_STANDARD_LIBRARIES = YES;
				BUNDLE_LOADER = "$(TEST_HOST)";
				CODE_SIGN_STYLE = Automatic;
				INFOPLIST_FILE = ParstagramTests/Info.plist;
				LD_RUNPATH_SEARCH_PATHS = (
					"$(inherited)",
					"@executable_path/Frameworks",
					"@loader_path/Frameworks",
				);
				PRODUCT_BUNDLE_IDENTIFIER = CSN.ParstagramTests;
				PRODUCT_NAME = "$(TARGET_NAME)";
				SWIFT_VERSION = 4.2;
				TARGETED_DEVICE_FAMILY = "1,2";
				TEST_HOST = "$(BUILT_PRODUCTS_DIR)/Parstagram.app/Parstagram";
			};
			name = Debug;
		};
		EB5186592408AAE3009A114C /* Release */ = {
			isa = XCBuildConfiguration;
			baseConfigurationReference = 3FE1AA540CB9B251CDE53136 /* Pods-ParstagramTests.release.xcconfig */;
			buildSettings = {
				ALWAYS_EMBED_SWIFT_STANDARD_LIBRARIES = YES;
				BUNDLE_LOADER = "$(TEST_HOST)";
				CODE_SIGN_STYLE = Automatic;
				INFOPLIST_FILE = ParstagramTests/Info.plist;
				LD_RUNPATH_SEARCH_PATHS = (
					"$(inherited)",
					"@executable_path/Frameworks",
					"@loader_path/Frameworks",
				);
				PRODUCT_BUNDLE_IDENTIFIER = CSN.ParstagramTests;
				PRODUCT_NAME = "$(TARGET_NAME)";
				SWIFT_VERSION = 4.2;
				TARGETED_DEVICE_FAMILY = "1,2";
				TEST_HOST = "$(BUILT_PRODUCTS_DIR)/Parstagram.app/Parstagram";
			};
			name = Release;
		};
		EB51865B2408AAE3009A114C /* Debug */ = {
			isa = XCBuildConfiguration;
			baseConfigurationReference = 1D5BB28CD7D695EC2E33BE00 /* Pods-ParstagramUITests.debug.xcconfig */;
			buildSettings = {
				ALWAYS_EMBED_SWIFT_STANDARD_LIBRARIES = YES;
				CODE_SIGN_STYLE = Automatic;
				INFOPLIST_FILE = ParstagramUITests/Info.plist;
				LD_RUNPATH_SEARCH_PATHS = (
					"$(inherited)",
					"@executable_path/Frameworks",
					"@loader_path/Frameworks",
				);
				PRODUCT_BUNDLE_IDENTIFIER = CSN.ParstagramUITests;
				PRODUCT_NAME = "$(TARGET_NAME)";
				SWIFT_VERSION = 4.2;
				TARGETED_DEVICE_FAMILY = "1,2";
				TEST_TARGET_NAME = Parstagram;
			};
			name = Debug;
		};
		EB51865C2408AAE3009A114C /* Release */ = {
			isa = XCBuildConfiguration;
			baseConfigurationReference = 499A185854F06726C0801619 /* Pods-ParstagramUITests.release.xcconfig */;
			buildSettings = {
				ALWAYS_EMBED_SWIFT_STANDARD_LIBRARIES = YES;
				CODE_SIGN_STYLE = Automatic;
				INFOPLIST_FILE = ParstagramUITests/Info.plist;
				LD_RUNPATH_SEARCH_PATHS = (
					"$(inherited)",
					"@executable_path/Frameworks",
					"@loader_path/Frameworks",
				);
				PRODUCT_BUNDLE_IDENTIFIER = CSN.ParstagramUITests;
				PRODUCT_NAME = "$(TARGET_NAME)";
				SWIFT_VERSION = 4.2;
				TARGETED_DEVICE_FAMILY = "1,2";
				TEST_TARGET_NAME = Parstagram;
			};
			name = Release;
		};
/* End XCBuildConfiguration section */

/* Begin XCConfigurationList section */
		EB5186272408AADF009A114C /* Build configuration list for PBXProject "Parstagram" */ = {
			isa = XCConfigurationList;
			buildConfigurations = (
				EB5186522408AAE3009A114C /* Debug */,
				EB5186532408AAE3009A114C /* Release */,
			);
			defaultConfigurationIsVisible = 0;
			defaultConfigurationName = Release;
		};
		EB5186542408AAE3009A114C /* Build configuration list for PBXNativeTarget "Parstagram" */ = {
			isa = XCConfigurationList;
			buildConfigurations = (
				EB5186552408AAE3009A114C /* Debug */,
				EB5186562408AAE3009A114C /* Release */,
			);
			defaultConfigurationIsVisible = 0;
			defaultConfigurationName = Release;
		};
		EB5186572408AAE3009A114C /* Build configuration list for PBXNativeTarget "ParstagramTests" */ = {
			isa = XCConfigurationList;
			buildConfigurations = (
				EB5186582408AAE3009A114C /* Debug */,
				EB5186592408AAE3009A114C /* Release */,
			);
			defaultConfigurationIsVisible = 0;
			defaultConfigurationName = Release;
		};
		EB51865A2408AAE3009A114C /* Build configuration list for PBXNativeTarget "ParstagramUITests" */ = {
			isa = XCConfigurationList;
			buildConfigurations = (
				EB51865B2408AAE3009A114C /* Debug */,
				EB51865C2408AAE3009A114C /* Release */,
			);
			defaultConfigurationIsVisible = 0;
			defaultConfigurationName = Release;
		};
/* End XCConfigurationList section */
	};
	rootObject = EB5186242408AADF009A114C /* Project object */;
}
